{
  "name": "@hashpass-tech/plane-mcp-gateway",
  "version": "0.1.0",
  "lockfileVersion": 3,
  "requires": true,
  "packages": {
    "": {
      "name": "@hashpass-tech/plane-mcp-gateway",
      "version": "0.1.0",
      "dependencies": {
        "jose": "6.1.3"
      },
      "engines": {
        "node": ">=22"
      }
    },
    "node_modules/jose": {
      "version": "6.1.3",
      "license": "MIT",
      "funding": {
        "url": "https://github.com/sponsors/panva"
      }
    }
  }
}
